# This file is automatically @generated by Cargo.
# It is not intended for manual editing.
version = 4

[[package]]
name = "audio-engine"
version = "0.1.0"

[[package]]
name = "jelly"
version = "0.1.0"
dependencies = [
 "audio-engine",
 "jelly-core",
 "jelly-storage",
 "jelly-ui",
 "jellyfin-api",
 "video-engine",
]

[[package]]
name = "jelly-core"
version = "0.1.0"

[[package]]
name = "jelly-storage"
version = "0.1.0"

[[package]]
name = "jelly-ui"
version = "0.1.0"

[[package]]
name = "jellyfin-api"
version = "0.1.0"

[[package]]
name = "video-engine"
version = "0.1.0"
